
Microsoft Visual Studio Solution File, Format Version 12.00
# Visual Studio Version 17
VisualStudioVersion = 17.3.32901.215
MinimumVisualStudioVersion = 10.0.40219.1
Project("{9A19103F-16F7-4668-BE54-9A1E7A4F7556}") = "StaminaPlus", "StaminaPlus.csproj", "{546D0FE1-FBB7-4A7F-A7AC-7377ADA0C99D}"
EndProject
Project("{FAE04EC0-301F-11D3-BF4B-00C04F79EFBC}") = "StaminaPlusPreloader", "..\StaminaPlusPreloader\StaminaPlusPreloader\StaminaPlusPreloader.csproj", "{22B44DB3-CDBB-4B9D-A7C4-F61F3C764DAB}"
EndProject
Global
	GlobalSection(SolutionConfigurationPlatforms) = preSolution
		Debug|Any CPU = Debug|Any CPU
		Release|Any CPU = Release|Any CPU
	EndGlobalSection
	GlobalSection(ProjectConfigurationPlatforms) = postSolution
		{546D0FE1-FBB7-4A7F-A7AC-7377ADA0C99D}.Debug|Any CPU.ActiveCfg = Debug|Any CPU
		{546D0FE1-FBB7-4A7F-A7AC-7377ADA0C99D}.Debug|Any CPU.Build.0 = Debug|Any CPU
		{546D0FE1-FBB7-4A7F-A7AC-7377ADA0C99D}.Release|Any CPU.ActiveCfg = Release|Any CPU
		{546D0FE1-FBB7-4A7F-A7AC-7377ADA0C99D}.Release|Any CPU.Build.0 = Release|Any CPU
		{22B44DB3-CDBB-4B9D-A7C4-F61F3C764DAB}.Debug|Any CPU.ActiveCfg = Debug|Any CPU
		{22B44DB3-CDBB-4B9D-A7C4-F61F3C764DAB}.Debug|Any CPU.Build.0 = Debug|Any CPU
		{22B44DB3-CDBB-4B9D-A7C4-F61F3C764DAB}.Release|Any CPU.ActiveCfg = Release|Any CPU
		{22B44DB3-CDBB-4B9D-A7C4-F61F3C764DAB}.Release|Any CPU.Build.0 = Release|Any CPU
	EndGlobalSection
	GlobalSection(SolutionProperties) = preSolution
		HideSolutionNode = FALSE
	EndGlobalSection
	GlobalSection(ExtensibilityGlobals) = postSolution
		SolutionGuid = {332AAC09-050A-4BD6-B781-681C70C3D244}
	EndGlobalSection
EndGlobal
